
Microsoft Visual Studio Solution File, Format Version 11.00
# Visual Studio 2010
Project("{FAE04EC0-301F-11D3-BF4B-00C04F79EFBC}") = "DLC", "DLC.csproj", "{0E953B44-EBAA-4A0F-888C-FC8F351191AB}"
EndProject
Global
	GlobalSection(SolutionConfigurationPlatforms) = preSolution
		Debug|Any CPU = Debug|Any CPU
		Release|Any CPU = Release|Any CPU
	EndGlobalSection
	GlobalSection(ProjectConfigurationPlatforms) = postSolution
		{0E953B44-EBAA-4A0F-888C-FC8F351191AB}.Debug|Any CPU.ActiveCfg = Debug|Any CPU
		{0E953B44-EBAA-4A0F-888C-FC8F351191AB}.Debug|Any CPU.Build.0 = Debug|Any CPU
		{0E953B44-EBAA-4A0F-888C-FC8F351191AB}.Release|Any CPU.ActiveCfg = Release|Any CPU
		{0E953B44-EBAA-4A0F-888C-FC8F351191AB}.Release|Any CPU.Build.0 = Release|Any CPU
	EndGlobalSection
	GlobalSection(MonoDevelopProperties) = preSolution
		StartupItem = DLC.csproj
	EndGlobalSection
EndGlobal
